// !$*UTF8*$!
{
	archiveVersion = 1;
	classes = {
	};
	objectVersion = 50;
	objects = {

/* Begin PBXBuildFile section */
		A2105EE620E8F6D90033A582 /* CustomTabBarController.swift in Sources */ = {isa = PBXBuildFile; fileRef = A2105EE520E8F6D90033A582 /* CustomTabBarController.swift */; };
		A2105EE820E9F0150033A582 /* OtherControllers.swift in Sources */ = {isa = PBXBuildFile; fileRef = A2105EE720E9F0150033A582 /* OtherControllers.swift */; };
		A2FE49A620E523DB00CD1652 /* AppDelegate.swift in Sources */ = {isa = PBXBuildFile; fileRef = A2FE49A520E523DB00CD1652 /* AppDelegate.swift */; };
		A2FE49A820E523DB00CD1652 /* ViewController.swift in Sources */ = {isa = PBXBuildFile; fileRef = A2FE49A720E523DB00CD1652 /* ViewController.swift */; };
		A2FE49AD20E523DB00CD1652 /* Assets.xcassets in Resources */ = {isa = PBXBuildFile; fileRef = A2FE49AC20E523DB00CD1652 /* Assets.xcassets */; };
		A2FE49B020E523DB00CD1652 /* LaunchScreen.storyboard in Resources */ = {isa = PBXBuildFile; fileRef = A2FE49AE20E523DB00CD1652 /* LaunchScreen.storyboard */; };
		A2FE49BA20E5426B00CD1652 /* FeedCell.swift in Sources */ = {isa = PBXBuildFile; fileRef = A2FE49B920E5426B00CD1652 /* FeedCell.swift */; };
		A2FE49BC20E67C9C00CD1652 /* Post.swift in Sources */ = {isa = PBXBuildFile; fileRef = A2FE49BB20E67C9C00CD1652 /* Post.swift */; };
/* End PBXBuildFile section */

/* Begin PBXFileReference section */
		A2105EE520E8F6D90033A582 /* CustomTabBarController.swift */ = {isa = PBXFileReference; lastKnownFileType = sourcecode.swift; path = CustomTabBarController.swift; sourceTree = "<group>"; };
		A2105EE720E9F0150033A582 /* OtherControllers.swift */ = {isa = PBXFileReference; lastKnownFileType = sourcecode.swift; path = OtherControllers.swift; sourceTree = "<group>"; };
		A2FE49A220E523DB00CD1652 /* FacebookNewFeed.app */ = {isa = PBXFileReference; explicitFileType = wrapper.application; includeInIndex = 0; path = FacebookNewFeed.app; sourceTree = BUILT_PRODUCTS_DIR; };
		A2FE49A520E523DB00CD1652 /* AppDelegate.swift */ = {isa = PBXFileReference; lastKnownFileType = sourcecode.swift; path = AppDelegate.swift; sourceTree = "<group>"; };
		A2FE49A720E523DB00CD1652 /* ViewController.swift */ = {isa = PBXFileReference; lastKnownFileType = sourcecode.swift; path = ViewController.swift; sourceTree = "<group>"; };
		A2FE49AC20E523DB00CD1652 /* Assets.xcassets */ = {isa = PBXFileReference; lastKnownFileType = folder.assetcatalog; path = Assets.xcassets; sourceTree = "<group>"; };
		A2FE49AF20E523DB00CD1652 /* Base */ = {isa = PBXFileReference; lastKnownFileType = file.storyboard; name = Base; path = Base.lproj/LaunchScreen.storyboard; sourceTree = "<group>"; };
		A2FE49B120E523DC00CD1652 /* Info.plist */ = {isa = PBXFileReference; lastKnownFileType = text.plist.xml; path = Info.plist; sourceTree = "<group>"; };
		A2FE49B920E5426B00CD1652 /* FeedCell.swift */ = {isa = PBXFileReference; lastKnownFileType = sourcecode.swift; path = FeedCell.swift; sourceTree = "<group>"; };
		A2FE49BB20E67C9C00CD1652 /* Post.swift */ = {isa = PBXFileReference; lastKnownFileType = sourcecode.swift; path = Post.swift; sourceTree = "<group>"; };
/* End PBXFileReference section */

/* Begin PBXFrameworksBuildPhase section */
		A2FE499F20E523DB00CD1652 /* Frameworks */ = {
			isa = PBXFrameworksBuildPhase;
			buildActionMask = 2147483647;
			files = (
			);
			runOnlyForDeploymentPostprocessing = 0;
		};
/* End PBXFrameworksBuildPhase section */

/* Begin PBXGroup section */
		A2FE499920E523DB00CD1652 = {
			isa = PBXGroup;
			children = (
				A2FE49A420E523DB00CD1652 /* FacebookNewFeed */,
				A2FE49A320E523DB00CD1652 /* Products */,
			);
			sourceTree = "<group>";
		};
		A2FE49A320E523DB00CD1652 /* Products */ = {
			isa = PBXGroup;
			children = (
				A2FE49A220E523DB00CD1652 /* FacebookNewFeed.app */,
			);
			name = Products;
			sourceTree = "<group>";
		};
		A2FE49A420E523DB00CD1652 /* FacebookNewFeed */ = {
			isa = PBXGroup;
			children = (
				A2FE49A520E523DB00CD1652 /* AppDelegate.swift */,
				A2FE49A720E523DB00CD1652 /* ViewController.swift */,
				A2FE49AC20E523DB00CD1652 /* Assets.xcassets */,
				A2FE49AE20E523DB00CD1652 /* LaunchScreen.storyboard */,
				A2FE49B120E523DC00CD1652 /* Info.plist */,
				A2FE49B920E5426B00CD1652 /* FeedCell.swift */,
				A2FE49BB20E67C9C00CD1652 /* Post.swift */,
				A2105EE520E8F6D90033A582 /* CustomTabBarController.swift */,
				A2105EE720E9F0150033A582 /* OtherControllers.swift */,
			);
			path = FacebookNewFeed;
			sourceTree = "<group>";
		};
/* End PBXGroup section */

/* Begin PBXNativeTarget section */
		A2FE49A120E523DB00CD1652 /* FacebookNewFeed */ = {
			isa = PBXNativeTarget;
			buildConfigurationList = A2FE49B420E523DC00CD1652 /* Build configuration list for PBXNativeTarget "FacebookNewFeed" */;
			buildPhases = (
				A2FE499E20E523DB00CD1652 /* Sources */,
				A2FE499F20E523DB00CD1652 /* Frameworks */,
				A2FE49A020E523DB00CD1652 /* Resources */,
			);
			buildRules = (
			);
			dependencies = (
			);
			name = FacebookNewFeed;
			productName = FacebookNewFeed;
			productReference = A2FE49A220E523DB00CD1652 /* FacebookNewFeed.app */;
			productType = "com.apple.product-type.application";
		};
/* End PBXNativeTarget section */

/* Begin PBXProject section */
		A2FE499A20E523DB00CD1652 /* Project object */ = {
			isa = PBXProject;
			attributes = {
				LastSwiftUpdateCheck = 0940;
				LastUpgradeCheck = 0940;
				ORGANIZATIONNAME = LamHan;
				TargetAttributes = {
					A2FE49A120E523DB00CD1652 = {
						CreatedOnToolsVersion = 9.4;
					};
				};
			};
			buildConfigurationList = A2FE499D20E523DB00CD1652 /* Build configuration list for PBXProject "FacebookNewFeed" */;
			compatibilityVersion = "Xcode 9.3";
			developmentRegion = en;
			hasScannedForEncodings = 0;
			knownRegions = (
				en,
				Base,
			);
			mainGroup = A2FE499920E523DB00CD1652;
			productRefGroup = A2FE49A320E523DB00CD1652 /* Products */;
			projectDirPath = "";
			projectRoot = "";
			targets = (
				A2FE49A120E523DB00CD1652 /* FacebookNewFeed */,
			);
		};
/* End PBXProject section */

/* Begin PBXResourcesBuildPhase section */
		A2FE49A020E523DB00CD1652 /* Resources */ = {
			isa = PBXResourcesBuildPhase;
			buildActionMask = 2147483647;
			files = (
				A2FE49B020E523DB00CD1652 /* LaunchScreen.storyboard in Resources */,
				A2FE49AD20E523DB00CD1652 /* Assets.xcassets in Resources */,
			);
			runOnlyForDeploymentPostprocessing = 0;
		};
/* End PBXResourcesBuildPhase section */

/* Begin PBXSourcesBuildPhase section */
		A2FE499E20E523DB00CD1652 /* Sources */ = {
			isa = PBXSourcesBuildPhase;
			buildActionMask = 2147483647;
			files = (
				A2FE49A820E523DB00CD1652 /* ViewController.swift in Sources */,
				A2FE49A620E523DB00CD1652 /* AppDelegate.swift in Sources */,
				A2105EE820E9F0150033A582 /* OtherControllers.swift in Sources */,
				A2105EE620E8F6D90033A582 /* CustomTabBarController.swift in Sources */,
				A2FE49BA20E5426B00CD1652 /* FeedCell.swift in Sources */,
				A2FE49BC20E67C9C00CD1652 /* Post.swift in Sources */,
			);
			runOnlyForDeploymentPostprocessing = 0;
		};
/* End PBXSourcesBuildPhase section */

/* Begin PBXVariantGroup section */
		A2FE49AE20E523DB00CD1652 /* LaunchScreen.storyboard */ = {
			isa = PBXVariantGroup;
			children = (
				A2FE49AF20E523DB00CD1652 /* Base */,
			);
			name = LaunchScreen.storyboard;
			sourceTree = "<group>";
		};
/* End PBXVariantGroup section */

/* Begin XCBuildConfiguration section */
		A2FE49B220E523DC00CD1652 /* Debug */ = {
			isa = XCBuildConfiguration;
			buildSettings = {
				ALWAYS_SEARCH_USER_PATHS = NO;
				CLANG_ANALYZER_NONNULL = YES;
				CLANG_ANALYZER_NUMBER_OBJECT_CONVERSION = YES_AGGRESSIVE;
				CLANG_CXX_LANGUAGE_STANDARD = "gnu++14";
				CLANG_CXX_LIBRARY = "libc++";
				CLANG_ENABLE_MODULES = YES;
				CLANG_ENABLE_OBJC_ARC = YES;
				CLANG_ENABLE_OBJC_WEAK = YES;
				CLANG_WARN_BLOCK_CAPTURE_AUTORELEASING = YES;
				CLANG_WARN_BOOL_CONVERSION = YES;
				CLANG_WARN_COMMA = YES;
				CLANG_WARN_CONSTANT_CONVERSION = YES;
				CLANG_WARN_DEPRECATED_OBJC_IMPLEMENTATIONS = YES;
				CLANG_WARN_DIRECT_OBJC_ISA_USAGE = YES_ERROR;
				CLANG_WARN_DOCUMENTATION_COMMENTS = YES;
				CLANG_WARN_EMPTY_BODY = YES;
				CLANG_WARN_ENUM_CONVERSION = YES;
				CLANG_WARN_INFINITE_RECURSION = YES;
				CLANG_WARN_INT_CONVERSION = YES;
				CLANG_WARN_NON_LITERAL_NULL_CONVERSION = YES;
				CLANG_WARN_OBJC_IMPLICIT_RETAIN_SELF = YES;
				CLANG_WARN_OBJC_LITERAL_CONVERSION = YES;
				CLANG_WARN_OBJC_ROOT_CLASS = YES_ERROR;
				CLANG_WARN_RANGE_LOOP_ANALYSIS = YES;
				CLANG_WARN_STRICT_PROTOTYPES = YES;
				CLANG_WARN_SUSPICIOUS_MOVE = YES;
				CLANG_WARN_UNGUARDED_AVAILABILITY = YES_AGGRESSIVE;
				CLANG_WARN_UNREACHABLE_CODE = YES;
				CLANG_WARN__DUPLICATE_METHOD_MATCH = YES;
				CODE_SIGN_IDENTITY = "iPhone Developer";
				COPY_PHASE_STRIP = NO;
				DEBUG_INFORMATION_FORMAT = dwarf;
				ENABLE_STRICT_OBJC_MSGSEND = YES;
				ENABLE_TESTABILITY = YES;
				GCC_C_LANGUAGE_STANDARD = gnu11;
				GCC_DYNAMIC_NO_PIC = NO;
				GCC_NO_COMMON_BLOCKS = YES;
				GCC_OPTIMIZATION_LEVEL = 0;
				GCC_PREPROCESSOR_DEFINITIONS = (
					"DEBUG=1",
					"$(inherited)",
				);
				GCC_WARN_64_TO_32_BIT_CONVERSION = YES;
				GCC_WARN_ABOUT_RETURN_TYPE = YES_ERROR;
				GCC_WARN_UNDECLARED_SELECTOR = YES;
				GCC_WARN_UNINITIALIZED_AUTOS = YES_AGGRESSIVE;
				GCC_WARN_UNUSED_FUNCTION = YES;
				GCC_WARN_UNUSED_VARIABLE = YES;
				IPHONEOS_DEPLOYMENT_TARGET = 11.4;
				MTL_ENABLE_DEBUG_INFO = YES;
				ONLY_ACTIVE_ARCH = YES;
				SDKROOT = iphoneos;
				SWIFT_ACTIVE_COMPILATION_CONDITIONS = DEBUG;
				SWIFT_OPTIMIZATION_LEVEL = "-Onone";
			};
			name = Debug;
		};
		A2FE49B320E523DC00CD1652 /* Release */ = {
			isa = XCBuildConfiguration;
			buildSettings = {
				ALWAYS_SEARCH_USER_PATHS = NO;
				CLANG_ANALYZER_NONNULL = YES;
				CLANG_ANALYZER_NUMBER_OBJECT_CONVERSION = YES_AGGRESSIVE;
				CLANG_CXX_LANGUAGE_STANDARD = "gnu++14";
				CLANG_CXX_LIBRARY = "libc++";
				CLANG_ENABLE_MODULES = YES;
				CLANG_ENABLE_OBJC_ARC = YES;
				CLANG_ENABLE_OBJC_WEAK = YES;
				CLANG_WARN_BLOCK_CAPTURE_AUTORELEASING = YES;
				CLANG_WARN_BOOL_CONVERSION = YES;
				CLANG_WARN_COMMA = YES;
				CLANG_WARN_CONSTANT_CONVERSION = YES;
				CLANG_WARN_DEPRECATED_OBJC_IMPLEMENTATIONS = YES;
				CLANG_WARN_DIRECT_OBJC_ISA_USAGE = YES_ERROR;
				CLANG_WARN_DOCUMENTATION_COMMENTS = YES;
				CLANG_WARN_EMPTY_BODY = YES;
				CLANG_WARN_ENUM_CONVERSION = YES;
				CLANG_WARN_INFINITE_RECURSION = YES;
				CLANG_WARN_INT_CONVERSION = YES;
				CLANG_WARN_NON_LITERAL_NULL_CONVERSION = YES;
				CLANG_WARN_OBJC_IMPLICIT_RETAIN_SELF = YES;
				CLANG_WARN_OBJC_LITERAL_CONVERSION = YES;
				CLANG_WARN_OBJC_ROOT_CLASS = YES_ERROR;
				CLANG_WARN_RANGE_LOOP_ANALYSIS = YES;
				CLANG_WARN_STRICT_PROTOTYPES = YES;
				CLANG_WARN_SUSPICIOUS_MOVE = YES;
				CLANG_WARN_UNGUARDED_AVAILABILITY = YES_AGGRESSIVE;
				CLANG_WARN_UNREACHABLE_CODE = YES;
				CLANG_WARN__DUPLICATE_METHOD_MATCH = YES;
				CODE_SIGN_IDENTITY = "iPhone Developer";
				COPY_PHASE_STRIP = NO;
				DEBUG_INFORMATION_FORMAT = "dwarf-with-dsym";
				ENABLE_NS_ASSERTIONS = NO;
				ENABLE_STRICT_OBJC_MSGSEND = YES;
				GCC_C_LANGUAGE_STANDARD = gnu11;
				GCC_NO_COMMON_BLOCKS = YES;
				GCC_WARN_64_TO_32_BIT_CONVERSION = YES;
				GCC_WARN_ABOUT_RETURN_TYPE = YES_ERROR;
				GCC_WARN_UNDECLARED_SELECTOR = YES;
				GCC_WARN_UNINITIALIZED_AUTOS = YES_AGGRESSIVE;
				GCC_WARN_UNUSED_FUNCTION = YES;
				GCC_WARN_UNUSED_VARIABLE = YES;
				IPHONEOS_DEPLOYMENT_TARGET = 11.4;
				MTL_ENABLE_DEBUG_INFO = NO;
				SDKROOT = iphoneos;
				SWIFT_COMPILATION_MODE = wholemodule;
				SWIFT_OPTIMIZATION_LEVEL = "-O";
				VALIDATE_PRODUCT = YES;
			};
			name = Release;
		};
		A2FE49B520E523DC00CD1652 /* Debug */ = {
			isa = XCBuildConfiguration;
			buildSettings = {
				ASSETCATALOG_COMPILER_APPICON_NAME = AppIcon;
				CODE_SIGN_STYLE = Automatic;
				DEVELOPMENT_TEAM = UHL2C4FVF6;
				INFOPLIST_FILE = FacebookNewFeed/Info.plist;
				LD_RUNPATH_SEARCH_PATHS = (
					"$(inherited)",
					"@executable_path/Frameworks",
				);
				PRODUCT_BUNDLE_IDENTIFIER = com.LamHan.FacebookNewFeed;
				PRODUCT_NAME = "$(TARGET_NAME)";
				SWIFT_VERSION = 4.0;
				TARGETED_DEVICE_FAMILY = "1,2";
			};
			name = Debug;
		};
		A2FE49B620E523DC00CD1652 /* Release */ = {
			isa = XCBuildConfiguration;
			buildSettings = {
				ASSETCATALOG_COMPILER_APPICON_NAME = AppIcon;
				CODE_SIGN_STYLE = Automatic;
				DEVELOPMENT_TEAM = UHL2C4FVF6;
				INFOPLIST_FILE = FacebookNewFeed/Info.plist;
				LD_RUNPATH_SEARCH_PATHS = (
					"$(inherited)",
					"@executable_path/Frameworks",
				);
				PRODUCT_BUNDLE_IDENTIFIER = com.LamHan.FacebookNewFeed;
				PRODUCT_NAME = "$(TARGET_NAME)";
				SWIFT_VERSION = 4.0;
				TARGETED_DEVICE_FAMILY = "1,2";
			};
			name = Release;
		};
/* End XCBuildConfiguration section */

/* Begin XCConfigurationList section */
		A2FE499D20E523DB00CD1652 /* Build configuration list for PBXProject "FacebookNewFeed" */ = {
			isa = XCConfigurationList;
			buildConfigurations = (
				A2FE49B220E523DC00CD1652 /* Debug */,
				A2FE49B320E523DC00CD1652 /* Release */,
			);
			defaultConfigurationIsVisible = 0;
			defaultConfigurationName = Release;
		};
		A2FE49B420E523DC00CD1652 /* Build configuration list for PBXNativeTarget "FacebookNewFeed" */ = {
			isa = XCConfigurationList;
			buildConfigurations = (
				A2FE49B520E523DC00CD1652 /* Debug */,
				A2FE49B620E523DC00CD1652 /* Release */,
			);
			defaultConfigurationIsVisible = 0;
			defaultConfigurationName = Release;
		};
/* End XCConfigurationList section */
	};
	rootObject = A2FE499A20E523DB00CD1652 /* Project object */;
}
